// !$*UTF8*$!
{
	archiveVersion = 1;
	classes = {
	};
	objectVersion = 48;
	objects = {

/* Begin PBXBuildFile section */
		2F7941E8205995FE00DE1710 /* AppDelegate.swift in Sources */ = {isa = PBXBuildFile; fileRef = 2F7941E7205995FE00DE1710 /* AppDelegate.swift */; };
		2F7941EA205995FE00DE1710 /* ViewController.swift in Sources */ = {isa = PBXBuildFile; fileRef = 2F7941E9205995FE00DE1710 /* ViewController.swift */; };
		2F7941ED205995FE00DE1710 /* Main.storyboard in Resources */ = {isa = PBXBuildFile; fileRef = 2F7941EB205995FE00DE1710 /* Main.storyboard */; };
		2F7941EF205995FE00DE1710 /* Assets.xcassets in Resources */ = {isa = PBXBuildFile; fileRef = 2F7941EE205995FE00DE1710 /* Assets.xcassets */; };
		2F7941F2205995FE00DE1710 /* LaunchScreen.storyboard in Resources */ = {isa = PBXBuildFile; fileRef = 2F7941F0205995FE00DE1710 /* LaunchScreen.storyboard */; };
		2F7941FD205995FE00DE1710 /* HealthHeartsTests.swift in Sources */ = {isa = PBXBuildFile; fileRef = 2F7941FC205995FE00DE1710 /* HealthHeartsTests.swift */; };
		2F794208205995FE00DE1710 /* HealthHeartsUITests.swift in Sources */ = {isa = PBXBuildFile; fileRef = 2F794207205995FE00DE1710 /* HealthHeartsUITests.swift */; };
		2F79421620599CB100DE1710 /* 058e18b0035cf96488c6acb9246122cd.png in Resources */ = {isa = PBXBuildFile; fileRef = 2F79421520599CB100DE1710 /* 058e18b0035cf96488c6acb9246122cd.png */; };
		2F79421820599CBE00DE1710 /* image001_1520903974292.jpg in Resources */ = {isa = PBXBuildFile; fileRef = 2F79421720599CBE00DE1710 /* image001_1520903974292.jpg */; };
/* End PBXBuildFile section */

/* Begin PBXContainerItemProxy section */
		2F7941F9205995FE00DE1710 /* PBXContainerItemProxy */ = {
			isa = PBXContainerItemProxy;
			containerPortal = 2F7941DC205995FE00DE1710 /* Project object */;
			proxyType = 1;
			remoteGlobalIDString = 2F7941E3205995FE00DE1710;
			remoteInfo = HealthHearts;
		};
		2F794204205995FE00DE1710 /* PBXContainerItemProxy */ = {
			isa = PBXContainerItemProxy;
			containerPortal = 2F7941DC205995FE00DE1710 /* Project object */;
			proxyType = 1;
			remoteGlobalIDString = 2F7941E3205995FE00DE1710;
			remoteInfo = HealthHearts;
		};
/* End PBXContainerItemProxy section */

/* Begin PBXFileReference section */
		2F7941E4205995FE00DE1710 /* HealthHearts.app */ = {isa = PBXFileReference; explicitFileType = wrapper.application; includeInIndex = 0; path = HealthHearts.app; sourceTree = BUILT_PRODUCTS_DIR; };
		2F7941E7205995FE00DE1710 /* AppDelegate.swift */ = {isa = PBXFileReference; lastKnownFileType = sourcecode.swift; path = AppDelegate.swift; sourceTree = "<group>"; };
		2F7941E9205995FE00DE1710 /* ViewController.swift */ = {isa = PBXFileReference; lastKnownFileType = sourcecode.swift; path = ViewController.swift; sourceTree = "<group>"; };
		2F7941EC205995FE00DE1710 /* Base */ = {isa = PBXFileReference; lastKnownFileType = file.storyboard; name = Base; path = Base.lproj/Main.storyboard; sourceTree = "<group>"; };
		2F7941EE205995FE00DE1710 /* Assets.xcassets */ = {isa = PBXFileReference; lastKnownFileType = folder.assetcatalog; path = Assets.xcassets; sourceTree = "<group>"; };
		2F7941F1205995FE00DE1710 /* Base */ = {isa = PBXFileReference; lastKnownFileType = file.storyboard; name = Base; path = Base.lproj/LaunchScreen.storyboard; sourceTree = "<group>"; };
		2F7941F3205995FE00DE1710 /* Info.plist */ = {isa = PBXFileReference; lastKnownFileType = text.plist.xml; path = Info.plist; sourceTree = "<group>"; };
		2F7941F8205995FE00DE1710 /* HealthHeartsTests.xctest */ = {isa = PBXFileReference; explicitFileType = wrapper.cfbundle; includeInIndex = 0; path = HealthHeartsTests.xctest; sourceTree = BUILT_PRODUCTS_DIR; };
		2F7941FC205995FE00DE1710 /* HealthHeartsTests.swift */ = {isa = PBXFileReference; lastKnownFileType = sourcecode.swift; path = HealthHeartsTests.swift; sourceTree = "<group>"; };
		2F7941FE205995FE00DE1710 /* Info.plist */ = {isa = PBXFileReference; lastKnownFileType = text.plist.xml; path = Info.plist; sourceTree = "<group>"; };
		2F794203205995FE00DE1710 /* HealthHeartsUITests.xctest */ = {isa = PBXFileReference; explicitFileType = wrapper.cfbundle; includeInIndex = 0; path = HealthHeartsUITests.xctest; sourceTree = BUILT_PRODUCTS_DIR; };
		2F794207205995FE00DE1710 /* HealthHeartsUITests.swift */ = {isa = PBXFileReference; lastKnownFileType = sourcecode.swift; path = HealthHeartsUITests.swift; sourceTree = "<group>"; };
		2F794209205995FE00DE1710 /* Info.plist */ = {isa = PBXFileReference; lastKnownFileType = text.plist.xml; path = Info.plist; sourceTree = "<group>"; };
		2F79421520599CB100DE1710 /* 058e18b0035cf96488c6acb9246122cd.png */ = {isa = PBXFileReference; lastKnownFileType = image.png; name = 058e18b0035cf96488c6acb9246122cd.png; path = ../../../../../../Downloads/058e18b0035cf96488c6acb9246122cd.png; sourceTree = "<group>"; };
		2F79421720599CBE00DE1710 /* image001_1520903974292.jpg */ = {isa = PBXFileReference; lastKnownFileType = image.jpeg; name = image001_1520903974292.jpg; path = ../../../../../../Downloads/image001_1520903974292.jpg; sourceTree = "<group>"; };
/* End PBXFileReference section */

/* Begin PBXFrameworksBuildPhase section */
		2F7941E1205995FE00DE1710 /* Frameworks */ = {
			isa = PBXFrameworksBuildPhase;
			buildActionMask = 2147483647;
			files = (
			);
			runOnlyForDeploymentPostprocessing = 0;
		};
		2F7941F5205995FE00DE1710 /* Frameworks */ = {
			isa = PBXFrameworksBuildPhase;
			buildActionMask = 2147483647;
			files = (
			);
			runOnlyForDeploymentPostprocessing = 0;
		};
		2F794200205995FE00DE1710 /* Frameworks */ = {
			isa = PBXFrameworksBuildPhase;
			buildActionMask = 2147483647;
			files = (
			);
			runOnlyForDeploymentPostprocessing = 0;
		};
/* End PBXFrameworksBuildPhase section */

/* Begin PBXGroup section */
		2F7941DB205995FE00DE1710 = {
			isa = PBXGroup;
			children = (
				2F7941E6205995FE00DE1710 /* HealthHearts */,
				2F7941FB205995FE00DE1710 /* HealthHeartsTests */,
				2F794206205995FE00DE1710 /* HealthHeartsUITests */,
				2F7941E5205995FE00DE1710 /* Products */,
			);
			sourceTree = "<group>";
		};
		2F7941E5205995FE00DE1710 /* Products */ = {
			isa = PBXGroup;
			children = (
				2F7941E4205995FE00DE1710 /* HealthHearts.app */,
				2F7941F8205995FE00DE1710 /* HealthHeartsTests.xctest */,
				2F794203205995FE00DE1710 /* HealthHeartsUITests.xctest */,
			);
			name = Products;
			sourceTree = "<group>";
		};
		2F7941E6205995FE00DE1710 /* HealthHearts */ = {
			isa = PBXGroup;
			children = (
				2F79421720599CBE00DE1710 /* image001_1520903974292.jpg */,
				2F79421520599CB100DE1710 /* 058e18b0035cf96488c6acb9246122cd.png */,
				2F7941E7205995FE00DE1710 /* AppDelegate.swift */,
				2F7941E9205995FE00DE1710 /* ViewController.swift */,
				2F7941EB205995FE00DE1710 /* Main.storyboard */,
				2F7941EE205995FE00DE1710 /* Assets.xcassets */,
				2F7941F0205995FE00DE1710 /* LaunchScreen.storyboard */,
				2F7941F3205995FE00DE1710 /* Info.plist */,
			);
			path = HealthHearts;
			sourceTree = "<group>";
		};
		2F7941FB205995FE00DE1710 /* HealthHeartsTests */ = {
			isa = PBXGroup;
			children = (
				2F7941FC205995FE00DE1710 /* HealthHeartsTests.swift */,
				2F7941FE205995FE00DE1710 /* Info.plist */,
			);
			path = HealthHeartsTests;
			sourceTree = "<group>";
		};
		2F794206205995FE00DE1710 /* HealthHeartsUITests */ = {
			isa = PBXGroup;
			children = (
				2F794207205995FE00DE1710 /* HealthHeartsUITests.swift */,
				2F794209205995FE00DE1710 /* Info.plist */,
			);
			path = HealthHeartsUITests;
			sourceTree = "<group>";
		};
/* End PBXGroup section */

/* Begin PBXNativeTarget section */
		2F7941E3205995FE00DE1710 /* HealthHearts */ = {
			isa = PBXNativeTarget;
			buildConfigurationList = 2F79420C205995FE00DE1710 /* Build configuration list for PBXNativeTarget "HealthHearts" */;
			buildPhases = (
				2F7941E0205995FE00DE1710 /* Sources */,
				2F7941E1205995FE00DE1710 /* Frameworks */,
				2F7941E2205995FE00DE1710 /* Resources */,
			);
			buildRules = (
			);
			dependencies = (
			);
			name = HealthHearts;
			productName = HealthHearts;
			productReference = 2F7941E4205995FE00DE1710 /* HealthHearts.app */;
			productType = "com.apple.product-type.application";
		};
		2F7941F7205995FE00DE1710 /* HealthHeartsTests */ = {
			isa = PBXNativeTarget;
			buildConfigurationList = 2F79420F205995FE00DE1710 /* Build configuration list for PBXNativeTarget "HealthHeartsTests" */;
			buildPhases = (
				2F7941F4205995FE00DE1710 /* Sources */,
				2F7941F5205995FE00DE1710 /* Frameworks */,
				2F7941F6205995FE00DE1710 /* Resources */,
			);
			buildRules = (
			);
			dependencies = (
				2F7941FA205995FE00DE1710 /* PBXTargetDependency */,
			);
			name = HealthHeartsTests;
			productName = HealthHeartsTests;
			productReference = 2F7941F8205995FE00DE1710 /* HealthHeartsTests.xctest */;
			productType = "com.apple.product-type.bundle.unit-test";
		};
		2F794202205995FE00DE1710 /* HealthHeartsUITests */ = {
			isa = PBXNativeTarget;
			buildConfigurationList = 2F794212205995FE00DE1710 /* Build configuration list for PBXNativeTarget "HealthHeartsUITests" */;
			buildPhases = (
				2F7941FF205995FE00DE1710 /* Sources */,
				2F794200205995FE00DE1710 /* Frameworks */,
				2F794201205995FE00DE1710 /* Resources */,
			);
			buildRules = (
			);
			dependencies = (
				2F794205205995FE00DE1710 /* PBXTargetDependency */,
			);
			name = HealthHeartsUITests;
			productName = HealthHeartsUITests;
			productReference = 2F794203205995FE00DE1710 /* HealthHeartsUITests.xctest */;
			productType = "com.apple.product-type.bundle.ui-testing";
		};
/* End PBXNativeTarget section */

/* Begin PBXProject section */
		2F7941DC205995FE00DE1710 /* Project object */ = {
			isa = PBXProject;
			attributes = {
				LastSwiftUpdateCheck = 0920;
				LastUpgradeCheck = 0920;
				ORGANIZATIONNAME = Tyler;
				TargetAttributes = {
					2F7941E3205995FE00DE1710 = {
						CreatedOnToolsVersion = 9.2;
						ProvisioningStyle = Automatic;
					};
					2F7941F7205995FE00DE1710 = {
						CreatedOnToolsVersion = 9.2;
						ProvisioningStyle = Automatic;
						TestTargetID = 2F7941E3205995FE00DE1710;
					};
					2F794202205995FE00DE1710 = {
						CreatedOnToolsVersion = 9.2;
						ProvisioningStyle = Automatic;
						TestTargetID = 2F7941E3205995FE00DE1710;
					};
				};
			};
			buildConfigurationList = 2F7941DF205995FE00DE1710 /* Build configuration list for PBXProject "HealthHearts" */;
			compatibilityVersion = "Xcode 8.0";
			developmentRegion = en;
			hasScannedForEncodings = 0;
			knownRegions = (
				en,
				Base,
			);
			mainGroup = 2F7941DB205995FE00DE1710;
			productRefGroup = 2F7941E5205995FE00DE1710 /* Products */;
			projectDirPath = "";
			projectRoot = "";
			targets = (
				2F7941E3205995FE00DE1710 /* HealthHearts */,
				2F7941F7205995FE00DE1710 /* HealthHeartsTests */,
				2F794202205995FE00DE1710 /* HealthHeartsUITests */,
			);
		};
/* End PBXProject section */

/* Begin PBXResourcesBuildPhase section */
		2F7941E2205995FE00DE1710 /* Resources */ = {
			isa = PBXResourcesBuildPhase;
			buildActionMask = 2147483647;
			files = (
				2F79421620599CB100DE1710 /* 058e18b0035cf96488c6acb9246122cd.png in Resources */,
				2F7941F2205995FE00DE1710 /* LaunchScreen.storyboard in Resources */,
				2F79421820599CBE00DE1710 /* image001_1520903974292.jpg in Resources */,
				2F7941EF205995FE00DE1710 /* Assets.xcassets in Resources */,
				2F7941ED205995FE00DE1710 /* Main.storyboard in Resources */,
			);
			runOnlyForDeploymentPostprocessing = 0;
		};
		2F7941F6205995FE00DE1710 /* Resources */ = {
			isa = PBXResourcesBuildPhase;
			buildActionMask = 2147483647;
			files = (
			);
			runOnlyForDeploymentPostprocessing = 0;
		};
		2F794201205995FE00DE1710 /* Resources */ = {
			isa = PBXResourcesBuildPhase;
			buildActionMask = 2147483647;
			files = (
			);
			runOnlyForDeploymentPostprocessing = 0;
		};
/* End PBXResourcesBuildPhase section */

/* Begin PBXSourcesBuildPhase section */
		2F7941E0205995FE00DE1710 /* Sources */ = {
			isa = PBXSourcesBuildPhase;
			buildActionMask = 2147483647;
			files = (
				2F7941EA205995FE00DE1710 /* ViewController.swift in Sources */,
				2F7941E8205995FE00DE1710 /* AppDelegate.swift in Sources */,
			);
			runOnlyForDeploymentPostprocessing = 0;
		};
		2F7941F4205995FE00DE1710 /* Sources */ = {
			isa = PBXSourcesBuildPhase;
			buildActionMask = 2147483647;
			files = (
				2F7941FD205995FE00DE1710 /* HealthHeartsTests.swift in Sources */,
			);
			runOnlyForDeploymentPostprocessing = 0;
		};
		2F7941FF205995FE00DE1710 /* Sources */ = {
			isa = PBXSourcesBuildPhase;
			buildActionMask = 2147483647;
			files = (
				2F794208205995FE00DE1710 /* HealthHeartsUITests.swift in Sources */,
			);
			runOnlyForDeploymentPostprocessing = 0;
		};
/* End PBXSourcesBuildPhase section */

/* Begin PBXTargetDependency section */
		2F7941FA205995FE00DE1710 /* PBXTargetDependency */ = {
			isa = PBXTargetDependency;
			target = 2F7941E3205995FE00DE1710 /* HealthHearts */;
			targetProxy = 2F7941F9205995FE00DE1710 /* PBXContainerItemProxy */;
		};
		2F794205205995FE00DE1710 /* PBXTargetDependency */ = {
			isa = PBXTargetDependency;
			target = 2F7941E3205995FE00DE1710 /* HealthHearts */;
			targetProxy = 2F794204205995FE00DE1710 /* PBXContainerItemProxy */;
		};
/* End PBXTargetDependency section */

/* Begin PBXVariantGroup section */
		2F7941EB205995FE00DE1710 /* Main.storyboard */ = {
			isa = PBXVariantGroup;
			children = (
				2F7941EC205995FE00DE1710 /* Base */,
			);
			name = Main.storyboard;
			sourceTree = "<group>";
		};
		2F7941F0205995FE00DE1710 /* LaunchScreen.storyboard */ = {
			isa = PBXVariantGroup;
			children = (
				2F7941F1205995FE00DE1710 /* Base */,
			);
			name = LaunchScreen.storyboard;
			sourceTree = "<group>";
		};
/* End PBXVariantGroup section */

/* Begin XCBuildConfiguration section */
		2F79420A205995FE00DE1710 /* Debug */ = {
			isa = XCBuildConfiguration;
			buildSettings = {
				ALWAYS_SEARCH_USER_PATHS = NO;
				CLANG_ANALYZER_NONNULL = YES;
				CLANG_ANALYZER_NUMBER_OBJECT_CONVERSION = YES_AGGRESSIVE;
				CLANG_CXX_LANGUAGE_STANDARD = "gnu++14";
				CLANG_CXX_LIBRARY = "libc++";
				CLANG_ENABLE_MODULES = YES;
				CLANG_ENABLE_OBJC_ARC = YES;
				CLANG_WARN_BLOCK_CAPTURE_AUTORELEASING = YES;
				CLANG_WARN_BOOL_CONVERSION = YES;
				CLANG_WARN_COMMA = YES;
				CLANG_WARN_CONSTANT_CONVERSION = YES;
				CLANG_WARN_DIRECT_OBJC_ISA_USAGE = YES_ERROR;
				CLANG_WARN_DOCUMENTATION_COMMENTS = YES;
				CLANG_WARN_EMPTY_BODY = YES;
				CLANG_WARN_ENUM_CONVERSION = YES;
				CLANG_WARN_INFINITE_RECURSION = YES;
				CLANG_WARN_INT_CONVERSION = YES;
				CLANG_WARN_NON_LITERAL_NULL_CONVERSION = YES;
				CLANG_WARN_OBJC_LITERAL_CONVERSION = YES;
				CLANG_WARN_OBJC_ROOT_CLASS = YES_ERROR;
				CLANG_WARN_RANGE_LOOP_ANALYSIS = YES;
				CLANG_WARN_STRICT_PROTOTYPES = YES;
				CLANG_WARN_SUSPICIOUS_MOVE = YES;
				CLANG_WARN_UNGUARDED_AVAILABILITY = YES_AGGRESSIVE;
				CLANG_WARN_UNREACHABLE_CODE = YES;
				CLANG_WARN__DUPLICATE_METHOD_MATCH = YES;
				CODE_SIGN_IDENTITY = "iPhone Developer";
				COPY_PHASE_STRIP = NO;
				DEBUG_INFORMATION_FORMAT = dwarf;
				ENABLE_STRICT_OBJC_MSGSEND = YES;
				ENABLE_TESTABILITY = YES;
				GCC_C_LANGUAGE_STANDARD = gnu11;
				GCC_DYNAMIC_NO_PIC = NO;
				GCC_NO_COMMON_BLOCKS = YES;
				GCC_OPTIMIZATION_LEVEL = 0;
				GCC_PREPROCESSOR_DEFINITIONS = (
					"DEBUG=1",
					"$(inherited)",
				);
				GCC_WARN_64_TO_32_BIT_CONVERSION = YES;
				GCC_WARN_ABOUT_RETURN_TYPE = YES_ERROR;
				GCC_WARN_UNDECLARED_SELECTOR = YES;
				GCC_WARN_UNINITIALIZED_AUTOS = YES_AGGRESSIVE;
				GCC_WARN_UNUSED_FUNCTION = YES;
				GCC_WARN_UNUSED_VARIABLE = YES;
				IPHONEOS_DEPLOYMENT_TARGET = 11.2;
				MTL_ENABLE_DEBUG_INFO = YES;
				ONLY_ACTIVE_ARCH = YES;
				SDKROOT = iphoneos;
				SWIFT_ACTIVE_COMPILATION_CONDITIONS = DEBUG;
				SWIFT_OPTIMIZATION_LEVEL = "-Onone";
			};
			name = Debug;
		};
		2F79420B205995FE00DE1710 /* Release */ = {
			isa = XCBuildConfiguration;
			buildSettings = {
				ALWAYS_SEARCH_USER_PATHS = NO;
				CLANG_ANALYZER_NONNULL = YES;
				CLANG_ANALYZER_NUMBER_OBJECT_CONVERSION = YES_AGGRESSIVE;
				CLANG_CXX_LANGUAGE_STANDARD = "gnu++14";
				CLANG_CXX_LIBRARY = "libc++";
				CLANG_ENABLE_MODULES = YES;
				CLANG_ENABLE_OBJC_ARC = YES;
				CLANG_WARN_BLOCK_CAPTURE_AUTORELEASING = YES;
				CLANG_WARN_BOOL_CONVERSION = YES;
				CLANG_WARN_COMMA = YES;
				CLANG_WARN_CONSTANT_CONVERSION = YES;
				CLANG_WARN_DIRECT_OBJC_ISA_USAGE = YES_ERROR;
				CLANG_WARN_DOCUMENTATION_COMMENTS = YES;
				CLANG_WARN_EMPTY_BODY = YES;
				CLANG_WARN_ENUM_CONVERSION = YES;
				CLANG_WARN_INFINITE_RECURSION = YES;
				CLANG_WARN_INT_CONVERSION = YES;
				CLANG_WARN_NON_LITERAL_NULL_CONVERSION = YES;
				CLANG_WARN_OBJC_LITERAL_CONVERSION = YES;
				CLANG_WARN_OBJC_ROOT_CLASS = YES_ERROR;
				CLANG_WARN_RANGE_LOOP_ANALYSIS = YES;
				CLANG_WARN_STRICT_PROTOTYPES = YES;
				CLANG_WARN_SUSPICIOUS_MOVE = YES;
				CLANG_WARN_UNGUARDED_AVAILABILITY = YES_AGGRESSIVE;
				CLANG_WARN_UNREACHABLE_CODE = YES;
				CLANG_WARN__DUPLICATE_METHOD_MATCH = YES;
				CODE_SIGN_IDENTITY = "iPhone Developer";
				COPY_PHASE_STRIP = NO;
				DEBUG_INFORMATION_FORMAT = "dwarf-with-dsym";
				ENABLE_NS_ASSERTIONS = NO;
				ENABLE_STRICT_OBJC_MSGSEND = YES;
				GCC_C_LANGUAGE_STANDARD = gnu11;
				GCC_NO_COMMON_BLOCKS = YES;
				GCC_WARN_64_TO_32_BIT_CONVERSION = YES;
				GCC_WARN_ABOUT_RETURN_TYPE = YES_ERROR;
				GCC_WARN_UNDECLARED_SELECTOR = YES;
				GCC_WARN_UNINITIALIZED_AUTOS = YES_AGGRESSIVE;
				GCC_WARN_UNUSED_FUNCTION = YES;
				GCC_WARN_UNUSED_VARIABLE = YES;
				IPHONEOS_DEPLOYMENT_TARGET = 11.2;
				MTL_ENABLE_DEBUG_INFO = NO;
				SDKROOT = iphoneos;
				SWIFT_OPTIMIZATION_LEVEL = "-Owholemodule";
				VALIDATE_PRODUCT = YES;
			};
			name = Release;
		};
		2F79420D205995FE00DE1710 /* Debug */ = {
			isa = XCBuildConfiguration;
			buildSettings = {
				ASSETCATALOG_COMPILER_APPICON_NAME = AppIcon;
				CODE_SIGN_STYLE = Automatic;
				INFOPLIST_FILE = HealthHearts/Info.plist;
				LD_RUNPATH_SEARCH_PATHS = "$(inherited) @executable_path/Frameworks";
				PRODUCT_BUNDLE_IDENTIFIER = Tyler.HealthHearts;
				PRODUCT_NAME = "$(TARGET_NAME)";
				SWIFT_VERSION = 4.0;
				TARGETED_DEVICE_FAMILY = "1,2";
			};
			name = Debug;
		};
		2F79420E205995FE00DE1710 /* Release */ = {
			isa = XCBuildConfiguration;
			buildSettings = {
				ASSETCATALOG_COMPILER_APPICON_NAME = AppIcon;
				CODE_SIGN_STYLE = Automatic;
				INFOPLIST_FILE = HealthHearts/Info.plist;
				LD_RUNPATH_SEARCH_PATHS = "$(inherited) @executable_path/Frameworks";
				PRODUCT_BUNDLE_IDENTIFIER = Tyler.HealthHearts;
				PRODUCT_NAME = "$(TARGET_NAME)";
				SWIFT_VERSION = 4.0;
				TARGETED_DEVICE_FAMILY = "1,2";
			};
			name = Release;
		};
		2F794210205995FE00DE1710 /* Debug */ = {
			isa = XCBuildConfiguration;
			buildSettings = {
				ALWAYS_EMBED_SWIFT_STANDARD_LIBRARIES = YES;
				BUNDLE_LOADER = "$(TEST_HOST)";
				CODE_SIGN_STYLE = Automatic;
				INFOPLIST_FILE = HealthHeartsTests/Info.plist;
				LD_RUNPATH_SEARCH_PATHS = "$(inherited) @executable_path/Frameworks @loader_path/Frameworks";
				PRODUCT_BUNDLE_IDENTIFIER = Tyler.HealthHeartsTests;
				PRODUCT_NAME = "$(TARGET_NAME)";
				SWIFT_VERSION = 4.0;
				TARGETED_DEVICE_FAMILY = "1,2";
				TEST_HOST = "$(BUILT_PRODUCTS_DIR)/HealthHearts.app/HealthHearts";
			};
			name = Debug;
		};
		2F794211205995FE00DE1710 /* Release */ = {
			isa = XCBuildConfiguration;
			buildSettings = {
				ALWAYS_EMBED_SWIFT_STANDARD_LIBRARIES = YES;
				BUNDLE_LOADER = "$(TEST_HOST)";
				CODE_SIGN_STYLE = Automatic;
				INFOPLIST_FILE = HealthHeartsTests/Info.plist;
				LD_RUNPATH_SEARCH_PATHS = "$(inherited) @executable_path/Frameworks @loader_path/Frameworks";
				PRODUCT_BUNDLE_IDENTIFIER = Tyler.HealthHeartsTests;
				PRODUCT_NAME = "$(TARGET_NAME)";
				SWIFT_VERSION = 4.0;
				TARGETED_DEVICE_FAMILY = "1,2";
				TEST_HOST = "$(BUILT_PRODUCTS_DIR)/HealthHearts.app/HealthHearts";
			};
			name = Release;
		};
		2F794213205995FE00DE1710 /* Debug */ = {
			isa = XCBuildConfiguration;
			buildSettings = {
				ALWAYS_EMBED_SWIFT_STANDARD_LIBRARIES = YES;
				CODE_SIGN_STYLE = Automatic;
				INFOPLIST_FILE = HealthHeartsUITests/Info.plist;
				LD_RUNPATH_SEARCH_PATHS = "$(inherited) @executable_path/Frameworks @loader_path/Frameworks";
				PRODUCT_BUNDLE_IDENTIFIER = Tyler.HealthHeartsUITests;
				PRODUCT_NAME = "$(TARGET_NAME)";
				SWIFT_VERSION = 4.0;
				TARGETED_DEVICE_FAMILY = "1,2";
				TEST_TARGET_NAME = HealthHearts;
			};
			name = Debug;
		};
		2F794214205995FE00DE1710 /* Release */ = {
			isa = XCBuildConfiguration;
			buildSettings = {
				ALWAYS_EMBED_SWIFT_STANDARD_LIBRARIES = YES;
				CODE_SIGN_STYLE = Automatic;
				INFOPLIST_FILE = HealthHeartsUITests/Info.plist;
				LD_RUNPATH_SEARCH_PATHS = "$(inherited) @executable_path/Frameworks @loader_path/Frameworks";
				PRODUCT_BUNDLE_IDENTIFIER = Tyler.HealthHeartsUITests;
				PRODUCT_NAME = "$(TARGET_NAME)";
				SWIFT_VERSION = 4.0;
				TARGETED_DEVICE_FAMILY = "1,2";
				TEST_TARGET_NAME = HealthHearts;
			};
			name = Release;
		};
/* End XCBuildConfiguration section */

/* Begin XCConfigurationList section */
		2F7941DF205995FE00DE1710 /* Build configuration list for PBXProject "HealthHearts" */ = {
			isa = XCConfigurationList;
			buildConfigurations = (
				2F79420A205995FE00DE1710 /* Debug */,
				2F79420B205995FE00DE1710 /* Release */,
			);
			defaultConfigurationIsVisible = 0;
			defaultConfigurationName = Release;
		};
		2F79420C205995FE00DE1710 /* Build configuration list for PBXNativeTarget "HealthHearts" */ = {
			isa = XCConfigurationList;
			buildConfigurations = (
				2F79420D205995FE00DE1710 /* Debug */,
				2F79420E205995FE00DE1710 /* Release */,
			);
			defaultConfigurationIsVisible = 0;
			defaultConfigurationName = Release;
		};
		2F79420F205995FE00DE1710 /* Build configuration list for PBXNativeTarget "HealthHeartsTests" */ = {
			isa = XCConfigurationList;
			buildConfigurations = (
				2F794210205995FE00DE1710 /* Debug */,
				2F794211205995FE00DE1710 /* Release */,
			);
			defaultConfigurationIsVisible = 0;
			defaultConfigurationName = Release;
		};
		2F794212205995FE00DE1710 /* Build configuration list for PBXNativeTarget "HealthHeartsUITests" */ = {
			isa = XCConfigurationList;
			buildConfigurations = (
				2F794213205995FE00DE1710 /* Debug */,
				2F794214205995FE00DE1710 /* Release */,
			);
			defaultConfigurationIsVisible = 0;
			defaultConfigurationName = Release;
		};
/* End XCConfigurationList section */
	};
	rootObject = 2F7941DC205995FE00DE1710 /* Project object */;
}
